<?xml version="1.0" encoding="utf-8"?>
<Project ToolsVersion="4.0" xmlns="http://schemas.microsoft.com/developer/msbuild/2003">
  <ItemGroup>
    <Filter Include="소스 파일">
      <UniqueIdentifier>{4FC737F1-C7A5-4376-A066-2A32D752A2FF}</UniqueIdentifier>
      <Extensions>cpp;c;cc;cxx;c++;cppm;ixx;def;odl;idl;hpj;bat;asm;asmx</Extensions>
    </Filter>
    <Filter Include="헤더 파일">
      <UniqueIdentifier>{93995380-89BD-4b04-88EB-625FBE52EBFB}</UniqueIdentifier>
      <Extensions>h;hh;hpp;hxx;h++;hm;inl;inc;ipp;xsd</Extensions>
    </Filter>
    <Filter Include="00. GameInstance">
      <UniqueIdentifier>{c1d9817c-a1c4-4c1b-8ef5-7ab4bdb7b48c}</UniqueIdentifier>
    </Filter>
    <Filter Include="01. Managers">
      <UniqueIdentifier>{acfd42f2-4371-46cb-9b1d-14ed98dfdc0a}</UniqueIdentifier>
    </Filter>
    <Filter Include="01. Managers\ResourceManager">
      <UniqueIdentifier>{fc5a2daa-c3a5-4bab-aedc-4dc46d640c85}</UniqueIdentifier>
    </Filter>
    <Filter Include="01. Managers\ObjectManager">
      <UniqueIdentifier>{5b27fcd5-2056-4ebf-a72d-957d19571a33}</UniqueIdentifier>
    </Filter>
    <Filter Include="01. Managers\SceneManager">
      <UniqueIdentifier>{20087aa3-a51a-43d5-b815-ae6649e79a14}</UniqueIdentifier>
    </Filter>
    <Filter Include="03. GameObject">
      <UniqueIdentifier>{ac772958-9d6e-4772-b4ba-1b5e2918d3f1}</UniqueIdentifier>
    </Filter>
    <Filter Include="01. Managers\EffectManager">
      <UniqueIdentifier>{f509b33b-0140-41e0-9ba0-8aefd45a80ef}</UniqueIdentifier>
    </Filter>
    <Filter Include="04. Scene">
      <UniqueIdentifier>{6955d811-cdb5-4c5c-bda5-d9c463ce6090}</UniqueIdentifier>
    </Filter>
    <Filter Include="04. Scene\SceneTitle">
      <UniqueIdentifier>{7e33ec22-ca5f-4def-8fa5-9824ff068913}</UniqueIdentifier>
    </Filter>
    <Filter Include="03. GameObject\Title">
      <UniqueIdentifier>{e2d8138e-b24f-4925-845b-ae6884ad51fe}</UniqueIdentifier>
    </Filter>
    <Filter Include="05. Animation">
      <UniqueIdentifier>{ae3ea902-2700-43d6-8d02-ba1541fce607}</UniqueIdentifier>
    </Filter>
    <Filter Include="05. Animation\AnimationClip">
      <UniqueIdentifier>{4f66a705-4935-44f6-99f7-62b52bbc2a6a}</UniqueIdentifier>
    </Filter>
    <Filter Include="05. Animation\Animator">
      <UniqueIdentifier>{15ea9778-5edb-4a12-b029-512df1d653d5}</UniqueIdentifier>
    </Filter>
    <Filter Include="06. Camera">
      <UniqueIdentifier>{864699f1-029f-4063-b775-001c1a12ac8b}</UniqueIdentifier>
    </Filter>
    <Filter Include="03. GameObject\Player">
      <UniqueIdentifier>{93c818c3-6c73-41c2-90fc-d27e2273e4f8}</UniqueIdentifier>
    </Filter>
    <Filter Include="07. FSM">
      <UniqueIdentifier>{4064b06a-66f6-49f6-a20a-254dfe954c9c}</UniqueIdentifier>
    </Filter>
    <Filter Include="07. FSM\Player_FSM">
      <UniqueIdentifier>{5fbfb90d-680d-4c1a-8668-d7ac1e4afea4}</UniqueIdentifier>
    </Filter>
    <Filter Include="04. Scene\SceneStage1">
      <UniqueIdentifier>{9eefaa7d-92a7-485e-87b0-c3314a486c5b}</UniqueIdentifier>
    </Filter>
    <Filter Include="01. Managers\InputManager">
      <UniqueIdentifier>{ad74c013-5faf-452a-b4f9-6fc21cb62254}</UniqueIdentifier>
    </Filter>
    <Filter Include="08. Collider">
      <UniqueIdentifier>{8e4c8a04-0fae-4320-b870-dda8b7622469}</UniqueIdentifier>
    </Filter>
    <Filter Include="01. Managers\CollisionManager">
      <UniqueIdentifier>{542ad9a7-82f4-4a2b-97a3-5f1c9deb0272}</UniqueIdentifier>
    </Filter>
    <Filter Include="03. GameObject\Blocks">
      <UniqueIdentifier>{69efd99b-b89c-4c5d-8e79-2c7018d79f5d}</UniqueIdentifier>
    </Filter>
    <Filter Include="03. GameObject\Blocks\Block">
      <UniqueIdentifier>{0b37dffd-f3c9-402e-b9f3-439a634f2c52}</UniqueIdentifier>
    </Filter>
    <Filter Include="03. GameObject\Blocks\Grippable">
      <UniqueIdentifier>{f267a579-52d6-4e8a-ae4b-021de8967781}</UniqueIdentifier>
    </Filter>
    <Filter Include="03. GameObject\Blocks\JumpThrough">
      <UniqueIdentifier>{a4f8a229-c946-4f1b-8cc7-ea66fd0edbdd}</UniqueIdentifier>
    </Filter>
    <Filter Include="03. GameObject\Blocks\EndBlock">
      <UniqueIdentifier>{be201fd5-69c0-45fc-9d75-2cc30f19dd65}</UniqueIdentifier>
    </Filter>
    <Filter Include="03. GameObject\BackGrounds">
      <UniqueIdentifier>{f46a876e-c222-4b32-8ea8-09dffd6e012e}</UniqueIdentifier>
    </Filter>
  </ItemGroup>
  <ItemGroup>
    <ClCompile Include="SFML_Project.cpp">
      <Filter>소스 파일</Filter>
    </ClCompile>
    <ClCompile Include="GameInstance.cpp">
      <Filter>00. GameInstance</Filter>
    </ClCompile>
    <ClCompile Include="ResourceManager.cpp">
      <Filter>01. Managers\ResourceManager</Filter>
    </ClCompile>
    <ClCompile Include="ObjectManager.cpp">
      <Filter>01. Managers\ObjectManager</Filter>
    </ClCompile>
    <ClCompile Include="SceneManager.cpp">
      <Filter>01. Managers\SceneManager</Filter>
    </ClCompile>
    <ClCompile Include="GameObject.cpp">
      <Filter>03. GameObject</Filter>
    </ClCompile>
    <ClCompile Include="FadeManager.cpp">
      <Filter>01. Managers\EffectManager</Filter>
    </ClCompile>
    <ClCompile Include="Scene.cpp">
      <Filter>04. Scene</Filter>
    </ClCompile>
    <ClCompile Include="SceneTitle.cpp">
      <Filter>04. Scene\SceneTitle</Filter>
    </ClCompile>
    <ClCompile Include="AnimationClip.cpp">
      <Filter>05. Animation\AnimationClip</Filter>
    </ClCompile>
    <ClCompile Include="Animator.cpp">
      <Filter>05. Animation\Animator</Filter>
    </ClCompile>
    <ClCompile Include="Title.cpp">
      <Filter>03. GameObject\Title</Filter>
    </ClCompile>
    <ClCompile Include="Camera.cpp">
      <Filter>06. Camera</Filter>
    </ClCompile>
    <ClCompile Include="Player.cpp">
      <Filter>03. GameObject\Player</Filter>
    </ClCompile>
    <ClCompile Include="PlayerFSM.cpp">
      <Filter>07. FSM\Player_FSM</Filter>
    </ClCompile>
    <ClCompile Include="FSM.cpp">
      <Filter>07. FSM</Filter>
    </ClCompile>
    <ClCompile Include="InputManager.cpp">
      <Filter>01. Managers\InputManager</Filter>
    </ClCompile>
    <ClCompile Include="SceneStage1.cpp">
      <Filter>04. Scene\SceneStage1</Filter>
    </ClCompile>
    <ClCompile Include="Collider.cpp">
      <Filter>08. Collider</Filter>
    </ClCompile>
    <ClCompile Include="CollisionManager.cpp">
      <Filter>01. Managers\CollisionManager</Filter>
    </ClCompile>
    <ClCompile Include="Block.cpp">
      <Filter>03. GameObject\Blocks\Block</Filter>
    </ClCompile>
    <ClCompile Include="Stage1_BackGround.cpp">
      <Filter>소스 파일</Filter>
    </ClCompile>
    <ClCompile Include="Grippable.cpp">
      <Filter>소스 파일</Filter>
    </ClCompile>
  </ItemGroup>
  <ItemGroup>
    <ClInclude Include="GameInstance.h">
      <Filter>00. GameInstance</Filter>
    </ClInclude>
    <ClInclude Include="include.h">
      <Filter>헤더 파일</Filter>
    </ClInclude>
    <ClInclude Include="using.h">
      <Filter>헤더 파일</Filter>
    </ClInclude>
    <ClInclude Include="ResourceManager.h">
      <Filter>01. Managers\ResourceManager</Filter>
    </ClInclude>
    <ClInclude Include="ObjectManager.h">
      <Filter>01. Managers\ObjectManager</Filter>
    </ClInclude>
    <ClInclude Include="SceneManager.h">
      <Filter>01. Managers\SceneManager</Filter>
    </ClInclude>
    <ClInclude Include="GameObject.h">
      <Filter>03. GameObject</Filter>
    </ClInclude>
    <ClInclude Include="enum.h">
      <Filter>헤더 파일</Filter>
    </ClInclude>
    <ClInclude Include="FadeManager.h">
      <Filter>01. Managers\EffectManager</Filter>
    </ClInclude>
    <ClInclude Include="Scene.h">
      <Filter>04. Scene</Filter>
    </ClInclude>
    <ClInclude Include="SceneTitle.h">
      <Filter>04. Scene\SceneTitle</Filter>
    </ClInclude>
    <ClInclude Include="AnimationClip.h">
      <Filter>05. Animation\AnimationClip</Filter>
    </ClInclude>
    <ClInclude Include="Animator.h">
      <Filter>05. Animation\Animator</Filter>
    </ClInclude>
    <ClInclude Include="Title.h">
      <Filter>03. GameObject\Title</Filter>
    </ClInclude>
    <ClInclude Include="util.h">
      <Filter>헤더 파일</Filter>
    </ClInclude>
    <ClInclude Include="Camera.h">
      <Filter>06. Camera</Filter>
    </ClInclude>
    <ClInclude Include="Player.h">
      <Filter>03. GameObject\Player</Filter>
    </ClInclude>
    <ClInclude Include="PlayerFSM.h">
      <Filter>07. FSM\Player_FSM</Filter>
    </ClInclude>
    <ClInclude Include="FSM.h">
      <Filter>07. FSM</Filter>
    </ClInclude>
    <ClInclude Include="macro.h">
      <Filter>헤더 파일</Filter>
    </ClInclude>
    <ClInclude Include="InputManager.h">
      <Filter>01. Managers\InputManager</Filter>
    </ClInclude>
    <ClInclude Include="SceneStage1.h">
      <Filter>04. Scene\SceneStage1</Filter>
    </ClInclude>
    <ClInclude Include="Collider.h">
      <Filter>08. Collider</Filter>
    </ClInclude>
    <ClInclude Include="CollisionManager.h">
      <Filter>01. Managers\CollisionManager</Filter>
    </ClInclude>
    <ClInclude Include="Block.h">
      <Filter>03. GameObject\Blocks\Block</Filter>
    </ClInclude>
    <ClInclude Include="Stage1_BackGround.h">
      <Filter>헤더 파일</Filter>
    </ClInclude>
    <ClInclude Include="Grippable.h">
      <Filter>헤더 파일</Filter>
    </ClInclude>
  </ItemGroup>
</Project>